
Microsoft Visual Studio Solution File, Format Version 12.00
# Visual Studio Version 16
VisualStudioVersion = 16.0.30621.155
MinimumVisualStudioVersion = 10.0.40219.1
Project("{9A19103F-16F7-4668-BE54-9A1E7A4F7556}") = "WebApp", "WebApp.csproj", "{72A04F52-B038-46C7-91E2-D164097FBCEF}"
EndProject
Global
	GlobalSection(SolutionConfigurationPlatforms) = preSolution
		Debug|Any CPU = Debug|Any CPU
		Release|Any CPU = Release|Any CPU
	EndGlobalSection
	GlobalSection(ProjectConfigurationPlatforms) = postSolution
		{72A04F52-B038-46C7-91E2-D164097FBCEF}.Debug|Any CPU.ActiveCfg = Debug|Any CPU
		{72A04F52-B038-46C7-91E2-D164097FBCEF}.Debug|Any CPU.Build.0 = Debug|Any CPU
		{72A04F52-B038-46C7-91E2-D164097FBCEF}.Release|Any CPU.ActiveCfg = Release|Any CPU
		{72A04F52-B038-46C7-91E2-D164097FBCEF}.Release|Any CPU.Build.0 = Release|Any CPU
	EndGlobalSection
	GlobalSection(SolutionProperties) = preSolution
		HideSolutionNode = FALSE
	EndGlobalSection
	GlobalSection(ExtensibilityGlobals) = postSolution
		SolutionGuid = {D6C39A9B-A299-432D-82CF-FAC030B2EC5D}
	EndGlobalSection
EndGlobal
